Microsoft Visual Studio Solution File, Format Version 8.00
Project("{FAE04EC0-301F-11D3-BF4B-00C04F79EFBC}") = "Ruler", "Ruler.csproj", "{941F561F-7611-4140-BBC8-45EB3D6A47D5}"
	ProjectSection(ProjectDependencies) = postProject
	EndProjectSection
EndProject
Project("{FAE04EC0-301F-11D3-BF4B-00C04F79EFBC}") = "RulerControl", "..\RulerControl\RulerControl.csproj", "{A6A2F3F6-DB6E-4D05-9C6E-BE823C17FF19}"
	ProjectSection(ProjectDependencies) = postProject
	EndProjectSection
EndProject
Global
	GlobalSection(SolutionConfiguration) = preSolution
		Debug = Debug
		Release = Release
	EndGlobalSection
	GlobalSection(ProjectConfiguration) = postSolution
		{941F561F-7611-4140-BBC8-45EB3D6A47D5}.Debug.ActiveCfg = Debug|.NET
		{941F561F-7611-4140-BBC8-45EB3D6A47D5}.Debug.Build.0 = Debug|.NET
		{941F561F-7611-4140-BBC8-45EB3D6A47D5}.Release.ActiveCfg = Release|.NET
		{941F561F-7611-4140-BBC8-45EB3D6A47D5}.Release.Build.0 = Release|.NET
		{A6A2F3F6-DB6E-4D05-9C6E-BE823C17FF19}.Debug.ActiveCfg = Debug|.NET
		{A6A2F3F6-DB6E-4D05-9C6E-BE823C17FF19}.Debug.Build.0 = Debug|.NET
		{A6A2F3F6-DB6E-4D05-9C6E-BE823C17FF19}.Release.ActiveCfg = Release|.NET
		{A6A2F3F6-DB6E-4D05-9C6E-BE823C17FF19}.Release.Build.0 = Release|.NET
	EndGlobalSection
	GlobalSection(ExtensibilityGlobals) = postSolution
	EndGlobalSection
	GlobalSection(ExtensibilityAddIns) = postSolution
	EndGlobalSection
EndGlobal
